
Microsoft Visual Studio Solution File, Format Version 12.00
# Visual Studio 14
VisualStudioVersion = 14.0.23107.0
MinimumVisualStudioVersion = 10.0.40219.1
Project("{FAE04EC0-301F-11D3-BF4B-00C04F79EFBC}") = "ProcessCSV", "ProcessCSV\ProcessCSV.csproj", "{79EE42FC-25E5-401A-88C3-06F2D5313203}"
EndProject
Global
	GlobalSection(SolutionConfigurationPlatforms) = preSolution
		Debug|Any CPU = Debug|Any CPU
		Release|Any CPU = Release|Any CPU
	EndGlobalSection
	GlobalSection(ProjectConfigurationPlatforms) = postSolution
		{79EE42FC-25E5-401A-88C3-06F2D5313203}.Debug|Any CPU.ActiveCfg = Debug|Any CPU
		{79EE42FC-25E5-401A-88C3-06F2D5313203}.Debug|Any CPU.Build.0 = Debug|Any CPU
		{79EE42FC-25E5-401A-88C3-06F2D5313203}.Release|Any CPU.ActiveCfg = Release|Any CPU
		{79EE42FC-25E5-401A-88C3-06F2D5313203}.Release|Any CPU.Build.0 = Release|Any CPU
	EndGlobalSection
	GlobalSection(SolutionProperties) = preSolution
		HideSolutionNode = FALSE
	EndGlobalSection
EndGlobal
